// !$*UTF8*$!
{
	archiveVersion = 1;
	classes = {
	};
	objectVersion = 46;
	objects = {

/* Begin PBXBuildFile section */
		0A3757701D6E10B6008F8F1A /* Main.storyboard in Resources */ = {isa = PBXBuildFile; fileRef = 0A37576F1D6E10B6008F8F1A /* Main.storyboard */; };
		0A3757721D6E1853008F8F1A /* WeatherDataStore.swift in Sources */ = {isa = PBXBuildFile; fileRef = 0A3757711D6E1853008F8F1A /* WeatherDataStore.swift */; };
		0A3757741D6E1862008F8F1A /* Weather.swift in Sources */ = {isa = PBXBuildFile; fileRef = 0A3757731D6E1862008F8F1A /* Weather.swift */; };
		0A3757761D6E1C43008F8F1A /* Constants.swift in Sources */ = {isa = PBXBuildFile; fileRef = 0A3757751D6E1C43008F8F1A /* Constants.swift */; };
		0A3757781D75F5E7008F8F1A /* SevenDayWeather.swift in Sources */ = {isa = PBXBuildFile; fileRef = 0A3757771D75F5E7008F8F1A /* SevenDayWeather.swift */; };
		0A9A2F751D8B3DCC004C5D8A /* WeatherView.swift in Sources */ = {isa = PBXBuildFile; fileRef = 0ACFA0AE1D7B5920007BE05B /* WeatherView.swift */; };
		0AB479811DA58D33008974D0 /* sunnyApp.png in Resources */ = {isa = PBXBuildFile; fileRef = 0AB479801DA58D33008974D0 /* sunnyApp.png */; };
		0AB479831DA59388008974D0 /* rainImage.png in Resources */ = {isa = PBXBuildFile; fileRef = 0AB479821DA59388008974D0 /* rainImage.png */; };
		0AB479851DA59579008974D0 /* clearNightImage.png in Resources */ = {isa = PBXBuildFile; fileRef = 0AB479841DA59579008974D0 /* clearNightImage.png */; };
		0AB479871DA595EA008974D0 /* snowImage.png in Resources */ = {isa = PBXBuildFile; fileRef = 0AB479861DA595EA008974D0 /* snowImage.png */; };
		0AB479891DA59709008974D0 /* windImage.png in Resources */ = {isa = PBXBuildFile; fileRef = 0AB479881DA59709008974D0 /* windImage.png */; };
		0AB4798B1DA59711008974D0 /* sleetImage.png in Resources */ = {isa = PBXBuildFile; fileRef = 0AB4798A1DA59711008974D0 /* sleetImage.png */; };
		0AB4798D1DA59789008974D0 /* fogImage.png in Resources */ = {isa = PBXBuildFile; fileRef = 0AB4798C1DA59789008974D0 /* fogImage.png */; };
		0AB4798F1DA59811008974D0 /* cloudyImage.png in Resources */ = {isa = PBXBuildFile; fileRef = 0AB4798E1DA59811008974D0 /* cloudyImage.png */; };
		0AB479911DA5986B008974D0 /* cloudyDayImage.png in Resources */ = {isa = PBXBuildFile; fileRef = 0AB479901DA5986B008974D0 /* cloudyDayImage.png */; };
		0AB479931DA59981008974D0 /* cloudyNightImage.png in Resources */ = {isa = PBXBuildFile; fileRef = 0AB479921DA59981008974D0 /* cloudyNightImage.png */; };
		0AB479991DA6C858008974D0 /* Sunny-SkyBackground.jpg in Resources */ = {isa = PBXBuildFile; fileRef = 0AB479981DA6C858008974D0 /* Sunny-SkyBackground.jpg */; };
		0AB4799B1DA6E47B008974D0 /* clearSkyBackground.jpg in Resources */ = {isa = PBXBuildFile; fileRef = 0AB4799A1DA6E47B008974D0 /* clearSkyBackground.jpg */; };
		0AB479A31DA6E748008974D0 /* clearNightSkyBackground.jpg in Resources */ = {isa = PBXBuildFile; fileRef = 0AB479A21DA6E748008974D0 /* clearNightSkyBackground.jpg */; };
		0AB479A51DA6E998008974D0 /* rainBackground.jpg in Resources */ = {isa = PBXBuildFile; fileRef = 0AB479A41DA6E998008974D0 /* rainBackground.jpg */; };
		0AB479A71DA6EAE1008974D0 /* snowBackground.jpg in Resources */ = {isa = PBXBuildFile; fileRef = 0AB479A61DA6EAE1008974D0 /* snowBackground.jpg */; };
		0AB479A91DA6EB6E008974D0 /* sleetBackground.jpg in Resources */ = {isa = PBXBuildFile; fileRef = 0AB479A81DA6EB6E008974D0 /* sleetBackground.jpg */; };
		0AB479B11DA6EF38008974D0 /* windyBackground.jpg in Resources */ = {isa = PBXBuildFile; fileRef = 0AB479B01DA6EF38008974D0 /* windyBackground.jpg */; };
		0AB479B31DA6EFA0008974D0 /* fogBackground.jpg in Resources */ = {isa = PBXBuildFile; fileRef = 0AB479B21DA6EFA0008974D0 /* fogBackground.jpg */; };
		0AB479B51DA6F020008974D0 /* cloudBackground.jpg in Resources */ = {isa = PBXBuildFile; fileRef = 0AB479B41DA6F020008974D0 /* cloudBackground.jpg */; };
		0AB479B71DA6F23D008974D0 /* cloudyNightBackground.jpg in Resources */ = {isa = PBXBuildFile; fileRef = 0AB479B61DA6F23D008974D0 /* cloudyNightBackground.jpg */; };
		0AB6BED11DA41B35002C6DCE /* temp-background-image.jpg in Resources */ = {isa = PBXBuildFile; fileRef = 0AB6BED01DA41B35002C6DCE /* temp-background-image.jpg */; };
		0ACFA0AD1D7B4C6A007BE05B /* WeatherView.xib in Resources */ = {isa = PBXBuildFile; fileRef = 0ACFA0AC1D7B4C6A007BE05B /* WeatherView.xib */; };
		0AD70BFC1D6E0BF3004D6BF6 /* AppDelegate.swift in Sources */ = {isa = PBXBuildFile; fileRef = 0AD70BFB1D6E0BF3004D6BF6 /* AppDelegate.swift */; };
		0AD70BFE1D6E0BF4004D6BF6 /* ViewController.swift in Sources */ = {isa = PBXBuildFile; fileRef = 0AD70BFD1D6E0BF4004D6BF6 /* ViewController.swift */; };
		0AD70C031D6E0BF4004D6BF6 /* Assets.xcassets in Resources */ = {isa = PBXBuildFile; fileRef = 0AD70C021D6E0BF4004D6BF6 /* Assets.xcassets */; };
		0AD70C061D6E0BF4004D6BF6 /* LaunchScreen.storyboard in Resources */ = {isa = PBXBuildFile; fileRef = 0AD70C041D6E0BF4004D6BF6 /* LaunchScreen.storyboard */; };
		D24308F66AFAA86DB9D1E0D3 /* Pods_MyWeatherApp.framework in Frameworks */ = {isa = PBXBuildFile; fileRef = B29E6F5EB628F5C9DE1A2B4F /* Pods_MyWeatherApp.framework */; };
/* End PBXBuildFile section */

/* Begin PBXFileReference section */
		08000545CDFB1C2562A349A0 /* Pods-MyWeatherApp.debug.xcconfig */ = {isa = PBXFileReference; includeInIndex = 1; lastKnownFileType = text.xcconfig; name = "Pods-MyWeatherApp.debug.xcconfig"; path = "Pods/Target Support Files/Pods-MyWeatherApp/Pods-MyWeatherApp.debug.xcconfig"; sourceTree = "<group>"; };
		0A37576F1D6E10B6008F8F1A /* Main.storyboard */ = {isa = PBXFileReference; fileEncoding = 4; lastKnownFileType = file.storyboard; path = Main.storyboard; sourceTree = "<group>"; };
		0A3757711D6E1853008F8F1A /* WeatherDataStore.swift */ = {isa = PBXFileReference; fileEncoding = 4; lastKnownFileType = sourcecode.swift; path = WeatherDataStore.swift; sourceTree = "<group>"; };
		0A3757731D6E1862008F8F1A /* Weather.swift */ = {isa = PBXFileReference; fileEncoding = 4; lastKnownFileType = sourcecode.swift; path = Weather.swift; sourceTree = "<group>"; };
		0A3757751D6E1C43008F8F1A /* Constants.swift */ = {isa = PBXFileReference; fileEncoding = 4; lastKnownFileType = sourcecode.swift; path = Constants.swift; sourceTree = "<group>"; };
		0A3757771D75F5E7008F8F1A /* SevenDayWeather.swift */ = {isa = PBXFileReference; fileEncoding = 4; lastKnownFileType = sourcecode.swift; path = SevenDayWeather.swift; sourceTree = "<group>"; };
		0AB479801DA58D33008974D0 /* sunnyApp.png */ = {isa = PBXFileReference; lastKnownFileType = image.png; name = sunnyApp.png; path = ../../../Downloads/sunnyApp.png; sourceTree = "<group>"; };
		0AB479821DA59388008974D0 /* rainImage.png */ = {isa = PBXFileReference; lastKnownFileType = image.png; name = rainImage.png; path = ../../../Downloads/rainImage.png; sourceTree = "<group>"; };
		0AB479841DA59579008974D0 /* clearNightImage.png */ = {isa = PBXFileReference; lastKnownFileType = image.png; name = clearNightImage.png; path = ../../../Downloads/clearNightImage.png; sourceTree = "<group>"; };
		0AB479861DA595EA008974D0 /* snowImage.png */ = {isa = PBXFileReference; lastKnownFileType = image.png; name = snowImage.png; path = ../../../Downloads/snowImage.png; sourceTree = "<group>"; };
		0AB479881DA59709008974D0 /* windImage.png */ = {isa = PBXFileReference; lastKnownFileType = image.png; name = windImage.png; path = ../../../Downloads/windImage.png; sourceTree = "<group>"; };
		0AB4798A1DA59711008974D0 /* sleetImage.png */ = {isa = PBXFileReference; lastKnownFileType = image.png; name = sleetImage.png; path = ../../../Downloads/sleetImage.png; sourceTree = "<group>"; };
		0AB4798C1DA59789008974D0 /* fogImage.png */ = {isa = PBXFileReference; lastKnownFileType = image.png; name = fogImage.png; path = ../../../Downloads/fogImage.png; sourceTree = "<group>"; };
		0AB4798E1DA59811008974D0 /* cloudyImage.png */ = {isa = PBXFileReference; lastKnownFileType = image.png; name = cloudyImage.png; path = ../../../Downloads/cloudyImage.png; sourceTree = "<group>"; };
		0AB479901DA5986B008974D0 /* cloudyDayImage.png */ = {isa = PBXFileReference; lastKnownFileType = image.png; name = cloudyDayImage.png; path = ../../../Downloads/cloudyDayImage.png; sourceTree = "<group>"; };
		0AB479921DA59981008974D0 /* cloudyNightImage.png */ = {isa = PBXFileReference; lastKnownFileType = image.png; name = cloudyNightImage.png; path = ../../../Downloads/cloudyNightImage.png; sourceTree = "<group>"; };
		0AB479981DA6C858008974D0 /* Sunny-SkyBackground.jpg */ = {isa = PBXFileReference; lastKnownFileType = image.jpeg; name = "Sunny-SkyBackground.jpg"; path = "../../../Downloads/Sunny-SkyBackground.jpg"; sourceTree = "<group>"; };
		0AB4799A1DA6E47B008974D0 /* clearSkyBackground.jpg */ = {isa = PBXFileReference; lastKnownFileType = image.jpeg; name = clearSkyBackground.jpg; path = ../../../Downloads/clearSkyBackground.jpg; sourceTree = "<group>"; };
		0AB479A21DA6E748008974D0 /* clearNightSkyBackground.jpg */ = {isa = PBXFileReference; lastKnownFileType = image.jpeg; name = clearNightSkyBackground.jpg; path = ../../../Downloads/clearNightSkyBackground.jpg; sourceTree = "<group>"; };
		0AB479A41DA6E998008974D0 /* rainBackground.jpg */ = {isa = PBXFileReference; lastKnownFileType = image.jpeg; name = rainBackground.jpg; path = ../../../Downloads/rainBackground.jpg; sourceTree = "<group>"; };
		0AB479A61DA6EAE1008974D0 /* snowBackground.jpg */ = {isa = PBXFileReference; lastKnownFileType = image.jpeg; name = snowBackground.jpg; path = ../../../Downloads/snowBackground.jpg; sourceTree = "<group>"; };
		0AB479A81DA6EB6E008974D0 /* sleetBackground.jpg */ = {isa = PBXFileReference; lastKnownFileType = image.jpeg; name = sleetBackground.jpg; path = ../../../Downloads/sleetBackground.jpg; sourceTree = "<group>"; };
		0AB479B01DA6EF38008974D0 /* windyBackground.jpg */ = {isa = PBXFileReference; lastKnownFileType = image.jpeg; name = windyBackground.jpg; path = ../../../Downloads/windyBackground.jpg; sourceTree = "<group>"; };
		0AB479B21DA6EFA0008974D0 /* fogBackground.jpg */ = {isa = PBXFileReference; lastKnownFileType = image.jpeg; name = fogBackground.jpg; path = ../../../Downloads/fogBackground.jpg; sourceTree = "<group>"; };
		0AB479B41DA6F020008974D0 /* cloudBackground.jpg */ = {isa = PBXFileReference; lastKnownFileType = image.jpeg; name = cloudBackground.jpg; path = ../../../Downloads/cloudBackground.jpg; sourceTree = "<group>"; };
		0AB479B61DA6F23D008974D0 /* cloudyNightBackground.jpg */ = {isa = PBXFileReference; lastKnownFileType = image.jpeg; name = cloudyNightBackground.jpg; path = ../../../Downloads/cloudyNightBackground.jpg; sourceTree = "<group>"; };
		0AB6BED01DA41B35002C6DCE /* temp-background-image.jpg */ = {isa = PBXFileReference; lastKnownFileType = image.jpeg; name = "temp-background-image.jpg"; path = "../../../Downloads/temp-background-image.jpg"; sourceTree = "<group>"; };
		0ACFA0AC1D7B4C6A007BE05B /* WeatherView.xib */ = {isa = PBXFileReference; fileEncoding = 4; lastKnownFileType = file.xib; path = WeatherView.xib; sourceTree = "<group>"; };
		0ACFA0AE1D7B5920007BE05B /* WeatherView.swift */ = {isa = PBXFileReference; fileEncoding = 4; lastKnownFileType = sourcecode.swift; path = WeatherView.swift; sourceTree = "<group>"; };
		0AD70BF81D6E0BF3004D6BF6 /* MyWeatherApp.app */ = {isa = PBXFileReference; explicitFileType = wrapper.application; includeInIndex = 0; path = MyWeatherApp.app; sourceTree = BUILT_PRODUCTS_DIR; };
		0AD70BFB1D6E0BF3004D6BF6 /* AppDelegate.swift */ = {isa = PBXFileReference; lastKnownFileType = sourcecode.swift; path = AppDelegate.swift; sourceTree = "<group>"; };
		0AD70BFD1D6E0BF4004D6BF6 /* ViewController.swift */ = {isa = PBXFileReference; lastKnownFileType = sourcecode.swift; path = ViewController.swift; sourceTree = "<group>"; };
		0AD70C021D6E0BF4004D6BF6 /* Assets.xcassets */ = {isa = PBXFileReference; lastKnownFileType = folder.assetcatalog; path = Assets.xcassets; sourceTree = "<group>"; };
		0AD70C051D6E0BF4004D6BF6 /* Base */ = {isa = PBXFileReference; lastKnownFileType = file.storyboard; name = Base; path = Base.lproj/LaunchScreen.storyboard; sourceTree = "<group>"; };
		0AD70C071D6E0BF4004D6BF6 /* Info.plist */ = {isa = PBXFileReference; lastKnownFileType = text.plist.xml; path = Info.plist; sourceTree = "<group>"; };
		B29E6F5EB628F5C9DE1A2B4F /* Pods_MyWeatherApp.framework */ = {isa = PBXFileReference; explicitFileType = wrapper.framework; includeInIndex = 0; path = Pods_MyWeatherApp.framework; sourceTree = BUILT_PRODUCTS_DIR; };
		EA52DFE86030F36093A40E84 /* Pods-MyWeatherApp.release.xcconfig */ = {isa = PBXFileReference; includeInIndex = 1; lastKnownFileType = text.xcconfig; name = "Pods-MyWeatherApp.release.xcconfig"; path = "Pods/Target Support Files/Pods-MyWeatherApp/Pods-MyWeatherApp.release.xcconfig"; sourceTree = "<group>"; };
/* End PBXFileReference section */

/* Begin PBXFrameworksBuildPhase section */
		0AD70BF51D6E0BF3004D6BF6 /* Frameworks */ = {
			isa = PBXFrameworksBuildPhase;
			buildActionMask = 2147483647;
			files = (
				D24308F66AFAA86DB9D1E0D3 /* Pods_MyWeatherApp.framework in Frameworks */,
			);
			runOnlyForDeploymentPostprocessing = 0;
		};
/* End PBXFrameworksBuildPhase section */

/* Begin PBXGroup section */
		0AD70BEF1D6E0BF3004D6BF6 = {
			isa = PBXGroup;
			children = (
				0AD70BFA1D6E0BF3004D6BF6 /* MyWeatherApp */,
				0AD70BF91D6E0BF3004D6BF6 /* Products */,
				4FA3388D91288FDEEF61E11E /* Pods */,
				2732F1606980480DE942D81A /* Frameworks */,
			);
			sourceTree = "<group>";
		};
		0AD70BF91D6E0BF3004D6BF6 /* Products */ = {
			isa = PBXGroup;
			children = (
				0AD70BF81D6E0BF3004D6BF6 /* MyWeatherApp.app */,
			);
			name = Products;
			sourceTree = "<group>";
		};
		0AD70BFA1D6E0BF3004D6BF6 /* MyWeatherApp */ = {
			isa = PBXGroup;
			children = (
				0AD70BFB1D6E0BF3004D6BF6 /* AppDelegate.swift */,
				0AD70BFD1D6E0BF4004D6BF6 /* ViewController.swift */,
				0A3757711D6E1853008F8F1A /* WeatherDataStore.swift */,
				0A3757731D6E1862008F8F1A /* Weather.swift */,
				0A3757771D75F5E7008F8F1A /* SevenDayWeather.swift */,
				0A3757751D6E1C43008F8F1A /* Constants.swift */,
				0A37576F1D6E10B6008F8F1A /* Main.storyboard */,
				0ACFA0AC1D7B4C6A007BE05B /* WeatherView.xib */,
				0ACFA0AE1D7B5920007BE05B /* WeatherView.swift */,
				0AD70C021D6E0BF4004D6BF6 /* Assets.xcassets */,
				0AB479B61DA6F23D008974D0 /* cloudyNightBackground.jpg */,
				0AB479B41DA6F020008974D0 /* cloudBackground.jpg */,
				0AB479B21DA6EFA0008974D0 /* fogBackground.jpg */,
				0AB479B01DA6EF38008974D0 /* windyBackground.jpg */,
				0AB479A81DA6EB6E008974D0 /* sleetBackground.jpg */,
				0AB479A61DA6EAE1008974D0 /* snowBackground.jpg */,
				0AB479A41DA6E998008974D0 /* rainBackground.jpg */,
				0AB479A21DA6E748008974D0 /* clearNightSkyBackground.jpg */,
				0AB4799A1DA6E47B008974D0 /* clearSkyBackground.jpg */,
				0AB479981DA6C858008974D0 /* Sunny-SkyBackground.jpg */,
				0AB479921DA59981008974D0 /* cloudyNightImage.png */,
				0AB479901DA5986B008974D0 /* cloudyDayImage.png */,
				0AB4798E1DA59811008974D0 /* cloudyImage.png */,
				0AB4798C1DA59789008974D0 /* fogImage.png */,
				0AB479881DA59709008974D0 /* windImage.png */,
				0AB4798A1DA59711008974D0 /* sleetImage.png */,
				0AB479861DA595EA008974D0 /* snowImage.png */,
				0AB479841DA59579008974D0 /* clearNightImage.png */,
				0AB479821DA59388008974D0 /* rainImage.png */,
				0AB479801DA58D33008974D0 /* sunnyApp.png */,
				0AB6BED01DA41B35002C6DCE /* temp-background-image.jpg */,
				0AD70C041D6E0BF4004D6BF6 /* LaunchScreen.storyboard */,
				0AD70C071D6E0BF4004D6BF6 /* Info.plist */,
			);
			path = MyWeatherApp;
			sourceTree = "<group>";
		};
		2732F1606980480DE942D81A /* Frameworks */ = {
			isa = PBXGroup;
			children = (
				B29E6F5EB628F5C9DE1A2B4F /* Pods_MyWeatherApp.framework */,
			);
			name = Frameworks;
			sourceTree = "<group>";
		};
		4FA3388D91288FDEEF61E11E /* Pods */ = {
			isa = PBXGroup;
			children = (
				08000545CDFB1C2562A349A0 /* Pods-MyWeatherApp.debug.xcconfig */,
				EA52DFE86030F36093A40E84 /* Pods-MyWeatherApp.release.xcconfig */,
			);
			name = Pods;
			sourceTree = "<group>";
		};
/* End PBXGroup section */

/* Begin PBXNativeTarget section */
		0AD70BF71D6E0BF3004D6BF6 /* MyWeatherApp */ = {
			isa = PBXNativeTarget;
			buildConfigurationList = 0AD70C0A1D6E0BF4004D6BF6 /* Build configuration list for PBXNativeTarget "MyWeatherApp" */;
			buildPhases = (
				9A809325DAE4C7A69DEFFE8A /* Check Pods Manifest.lock */,
				0AD70BF41D6E0BF3004D6BF6 /* Sources */,
				0AD70BF51D6E0BF3004D6BF6 /* Frameworks */,
				0AD70BF61D6E0BF3004D6BF6 /* Resources */,
				8AD6852FC7D1827B3B692B9C /* Embed Pods Frameworks */,
				45B2C64870AAF848CFED20CD /* Copy Pods Resources */,
			);
			buildRules = (
			);
			dependencies = (
			);
			name = MyWeatherApp;
			productName = MyWeatherApp;
			productReference = 0AD70BF81D6E0BF3004D6BF6 /* MyWeatherApp.app */;
			productType = "com.apple.product-type.application";
		};
/* End PBXNativeTarget section */

/* Begin PBXProject section */
		0AD70BF01D6E0BF3004D6BF6 /* Project object */ = {
			isa = PBXProject;
			attributes = {
				LastSwiftUpdateCheck = 0730;
				LastUpgradeCheck = 0800;
				ORGANIZATIONNAME = "Adrian Brown ";
				TargetAttributes = {
					0AD70BF71D6E0BF3004D6BF6 = {
						CreatedOnToolsVersion = 7.3;
						DevelopmentTeam = 4EYBM4HGMV;
						LastSwiftMigration = 0800;
					};
				};
			};
			buildConfigurationList = 0AD70BF31D6E0BF3004D6BF6 /* Build configuration list for PBXProject "MyWeatherApp" */;
			compatibilityVersion = "Xcode 3.2";
			developmentRegion = English;
			hasScannedForEncodings = 0;
			knownRegions = (
				en,
				Base,
			);
			mainGroup = 0AD70BEF1D6E0BF3004D6BF6;
			productRefGroup = 0AD70BF91D6E0BF3004D6BF6 /* Products */;
			projectDirPath = "";
			projectRoot = "";
			targets = (
				0AD70BF71D6E0BF3004D6BF6 /* MyWeatherApp */,
			);
		};
/* End PBXProject section */

/* Begin PBXResourcesBuildPhase section */
		0AD70BF61D6E0BF3004D6BF6 /* Resources */ = {
			isa = PBXResourcesBuildPhase;
			buildActionMask = 2147483647;
			files = (
				0AB479871DA595EA008974D0 /* snowImage.png in Resources */,
				0AB479B51DA6F020008974D0 /* cloudBackground.jpg in Resources */,
				0AB479931DA59981008974D0 /* cloudyNightImage.png in Resources */,
				0A3757701D6E10B6008F8F1A /* Main.storyboard in Resources */,
				0AD70C061D6E0BF4004D6BF6 /* LaunchScreen.storyboard in Resources */,
				0AB4798F1DA59811008974D0 /* cloudyImage.png in Resources */,
				0AB479851DA59579008974D0 /* clearNightImage.png in Resources */,
				0AD70C031D6E0BF4004D6BF6 /* Assets.xcassets in Resources */,
				0AB479991DA6C858008974D0 /* Sunny-SkyBackground.jpg in Resources */,
				0AB479911DA5986B008974D0 /* cloudyDayImage.png in Resources */,
				0AB4798B1DA59711008974D0 /* sleetImage.png in Resources */,
				0AB4798D1DA59789008974D0 /* fogImage.png in Resources */,
				0AB479891DA59709008974D0 /* windImage.png in Resources */,
				0AB479B71DA6F23D008974D0 /* cloudyNightBackground.jpg in Resources */,
				0AB479B31DA6EFA0008974D0 /* fogBackground.jpg in Resources */,
				0AB479A31DA6E748008974D0 /* clearNightSkyBackground.jpg in Resources */,
				0ACFA0AD1D7B4C6A007BE05B /* WeatherView.xib in Resources */,
				0AB479A91DA6EB6E008974D0 /* sleetBackground.jpg in Resources */,
				0AB4799B1DA6E47B008974D0 /* clearSkyBackground.jpg in Resources */,
				0AB6BED11DA41B35002C6DCE /* temp-background-image.jpg in Resources */,
				0AB479A71DA6EAE1008974D0 /* snowBackground.jpg in Resources */,
				0AB479831DA59388008974D0 /* rainImage.png in Resources */,
				0AB479B11DA6EF38008974D0 /* windyBackground.jpg in Resources */,
				0AB479A51DA6E998008974D0 /* rainBackground.jpg in Resources */,
				0AB479811DA58D33008974D0 /* sunnyApp.png in Resources */,
			);
			runOnlyForDeploymentPostprocessing = 0;
		};
/* End PBXResourcesBuildPhase section */

/* Begin PBXShellScriptBuildPhase section */
		45B2C64870AAF848CFED20CD /* Copy Pods Resources */ = {
			isa = PBXShellScriptBuildPhase;
			buildActionMask = 2147483647;
			files = (
			);
			inputPaths = (
			);
			name = "Copy Pods Resources";
			outputPaths = (
			);
			runOnlyForDeploymentPostprocessing = 0;
			shellPath = /bin/sh;
			shellScript = "\"${SRCROOT}/Pods/Target Support Files/Pods-MyWeatherApp/Pods-MyWeatherApp-resources.sh\"\n";
			showEnvVarsInLog = 0;
		};
		8AD6852FC7D1827B3B692B9C /* Embed Pods Frameworks */ = {
			isa = PBXShellScriptBuildPhase;
			buildActionMask = 2147483647;
			files = (
			);
			inputPaths = (
			);
			name = "Embed Pods Frameworks";
			outputPaths = (
			);
			runOnlyForDeploymentPostprocessing = 0;
			shellPath = /bin/sh;
			shellScript = "\"${SRCROOT}/Pods/Target Support Files/Pods-MyWeatherApp/Pods-MyWeatherApp-frameworks.sh\"\n";
			showEnvVarsInLog = 0;
		};
		9A809325DAE4C7A69DEFFE8A /* Check Pods Manifest.lock */ = {
			isa = PBXShellScriptBuildPhase;
			buildActionMask = 2147483647;
			files = (
			);
			inputPaths = (
			);
			name = "Check Pods Manifest.lock";
			outputPaths = (
			);
			runOnlyForDeploymentPostprocessing = 0;
			shellPath = /bin/sh;
			shellScript = "diff \"${PODS_ROOT}/../Podfile.lock\" \"${PODS_ROOT}/Manifest.lock\" > /dev/null\nif [[ $? != 0 ]] ; then\n    cat << EOM\nerror: The sandbox is not in sync with the Podfile.lock. Run 'pod install' or update your CocoaPods installation.\nEOM\n    exit 1\nfi\n";
			showEnvVarsInLog = 0;
		};
/* End PBXShellScriptBuildPhase section */

/* Begin PBXSourcesBuildPhase section */
		0AD70BF41D6E0BF3004D6BF6 /* Sources */ = {
			isa = PBXSourcesBuildPhase;
			buildActionMask = 2147483647;
			files = (
				0A3757761D6E1C43008F8F1A /* Constants.swift in Sources */,
				0A3757741D6E1862008F8F1A /* Weather.swift in Sources */,
				0A3757721D6E1853008F8F1A /* WeatherDataStore.swift in Sources */,
				0AD70BFE1D6E0BF4004D6BF6 /* ViewController.swift in Sources */,
				0AD70BFC1D6E0BF3004D6BF6 /* AppDelegate.swift in Sources */,
				0A9A2F751D8B3DCC004C5D8A /* WeatherView.swift in Sources */,
				0A3757781D75F5E7008F8F1A /* SevenDayWeather.swift in Sources */,
			);
			runOnlyForDeploymentPostprocessing = 0;
		};
/* End PBXSourcesBuildPhase section */

/* Begin PBXVariantGroup section */
		0AD70C041D6E0BF4004D6BF6 /* LaunchScreen.storyboard */ = {
			isa = PBXVariantGroup;
			children = (
				0AD70C051D6E0BF4004D6BF6 /* Base */,
			);
			name = LaunchScreen.storyboard;
			sourceTree = "<group>";
		};
/* End PBXVariantGroup section */

/* Begin XCBuildConfiguration section */
		0AD70C081D6E0BF4004D6BF6 /* Debug */ = {
			isa = XCBuildConfiguration;
			buildSettings = {
				ALWAYS_SEARCH_USER_PATHS = NO;
				CLANG_ANALYZER_NONNULL = YES;
				CLANG_CXX_LANGUAGE_STANDARD = "gnu++0x";
				CLANG_CXX_LIBRARY = "libc++";
				CLANG_ENABLE_MODULES = YES;
				CLANG_ENABLE_OBJC_ARC = YES;
				CLANG_WARN_BOOL_CONVERSION = YES;
				CLANG_WARN_CONSTANT_CONVERSION = YES;
				CLANG_WARN_DIRECT_OBJC_ISA_USAGE = YES_ERROR;
				CLANG_WARN_EMPTY_BODY = YES;
				CLANG_WARN_ENUM_CONVERSION = YES;
				CLANG_WARN_INFINITE_RECURSION = YES;
				CLANG_WARN_INT_CONVERSION = YES;
				CLANG_WARN_OBJC_ROOT_CLASS = YES_ERROR;
				CLANG_WARN_SUSPICIOUS_MOVE = YES;
				CLANG_WARN_UNREACHABLE_CODE = YES;
				CLANG_WARN__DUPLICATE_METHOD_MATCH = YES;
				"CODE_SIGN_IDENTITY[sdk=iphoneos*]" = "iPhone Developer";
				COPY_PHASE_STRIP = NO;
				DEBUG_INFORMATION_FORMAT = dwarf;
				ENABLE_STRICT_OBJC_MSGSEND = YES;
				ENABLE_TESTABILITY = YES;
				GCC_C_LANGUAGE_STANDARD = gnu99;
				GCC_DYNAMIC_NO_PIC = NO;
				GCC_NO_COMMON_BLOCKS = YES;
				GCC_OPTIMIZATION_LEVEL = 0;
				GCC_PREPROCESSOR_DEFINITIONS = (
					"DEBUG=1",
					"$(inherited)",
				);
				GCC_WARN_64_TO_32_BIT_CONVERSION = YES;
				GCC_WARN_ABOUT_RETURN_TYPE = YES_ERROR;
				GCC_WARN_UNDECLARED_SELECTOR = YES;
				GCC_WARN_UNINITIALIZED_AUTOS = YES_AGGRESSIVE;
				GCC_WARN_UNUSED_FUNCTION = YES;
				GCC_WARN_UNUSED_VARIABLE = YES;
				IPHONEOS_DEPLOYMENT_TARGET = 9.3;
				MTL_ENABLE_DEBUG_INFO = YES;
				ONLY_ACTIVE_ARCH = YES;
				SDKROOT = iphoneos;
				SWIFT_OPTIMIZATION_LEVEL = "-Onone";
				TARGETED_DEVICE_FAMILY = "1,2";
			};
			name = Debug;
		};
		0AD70C091D6E0BF4004D6BF6 /* Release */ = {
			isa = XCBuildConfiguration;
			buildSettings = {
				ALWAYS_SEARCH_USER_PATHS = NO;
				CLANG_ANALYZER_NONNULL = YES;
				CLANG_CXX_LANGUAGE_STANDARD = "gnu++0x";
				CLANG_CXX_LIBRARY = "libc++";
				CLANG_ENABLE_MODULES = YES;
				CLANG_ENABLE_OBJC_ARC = YES;
				CLANG_WARN_BOOL_CONVERSION = YES;
				CLANG_WARN_CONSTANT_CONVERSION = YES;
				CLANG_WARN_DIRECT_OBJC_ISA_USAGE = YES_ERROR;
				CLANG_WARN_EMPTY_BODY = YES;
				CLANG_WARN_ENUM_CONVERSION = YES;
				CLANG_WARN_INFINITE_RECURSION = YES;
				CLANG_WARN_INT_CONVERSION = YES;
				CLANG_WARN_OBJC_ROOT_CLASS = YES_ERROR;
				CLANG_WARN_SUSPICIOUS_MOVE = YES;
				CLANG_WARN_UNREACHABLE_CODE = YES;
				CLANG_WARN__DUPLICATE_METHOD_MATCH = YES;
				"CODE_SIGN_IDENTITY[sdk=iphoneos*]" = "iPhone Developer";
				COPY_PHASE_STRIP = NO;
				DEBUG_INFORMATION_FORMAT = "dwarf-with-dsym";
				ENABLE_NS_ASSERTIONS = NO;
				ENABLE_STRICT_OBJC_MSGSEND = YES;
				GCC_C_LANGUAGE_STANDARD = gnu99;
				GCC_NO_COMMON_BLOCKS = YES;
				GCC_WARN_64_TO_32_BIT_CONVERSION = YES;
				GCC_WARN_ABOUT_RETURN_TYPE = YES_ERROR;
				GCC_WARN_UNDECLARED_SELECTOR = YES;
				GCC_WARN_UNINITIALIZED_AUTOS = YES_AGGRESSIVE;
				GCC_WARN_UNUSED_FUNCTION = YES;
				GCC_WARN_UNUSED_VARIABLE = YES;
				IPHONEOS_DEPLOYMENT_TARGET = 9.3;
				MTL_ENABLE_DEBUG_INFO = NO;
				SDKROOT = iphoneos;
				TARGETED_DEVICE_FAMILY = "1,2";
				VALIDATE_PRODUCT = YES;
			};
			name = Release;
		};
		0AD70C0B1D6E0BF4004D6BF6 /* Debug */ = {
			isa = XCBuildConfiguration;
			baseConfigurationReference = 08000545CDFB1C2562A349A0 /* Pods-MyWeatherApp.debug.xcconfig */;
			buildSettings = {
				ALWAYS_EMBED_SWIFT_STANDARD_LIBRARIES = YES;
				ASSETCATALOG_COMPILER_APPICON_NAME = AppIcon;
				DEVELOPMENT_TEAM = 4EYBM4HGMV;
				INFOPLIST_FILE = MyWeatherApp/Info.plist;
				LD_RUNPATH_SEARCH_PATHS = "$(inherited) @executable_path/Frameworks";
				PRODUCT_BUNDLE_IDENTIFIER = com.flatiron.MyWeatherApp;
				PRODUCT_NAME = "$(TARGET_NAME)";
				SWIFT_VERSION = 3.0;
			};
			name = Debug;
		};
		0AD70C0C1D6E0BF4004D6BF6 /* Release */ = {
			isa = XCBuildConfiguration;
			baseConfigurationReference = EA52DFE86030F36093A40E84 /* Pods-MyWeatherApp.release.xcconfig */;
			buildSettings = {
				ALWAYS_EMBED_SWIFT_STANDARD_LIBRARIES = YES;
				ASSETCATALOG_COMPILER_APPICON_NAME = AppIcon;
				DEVELOPMENT_TEAM = 4EYBM4HGMV;
				INFOPLIST_FILE = MyWeatherApp/Info.plist;
				LD_RUNPATH_SEARCH_PATHS = "$(inherited) @executable_path/Frameworks";
				PRODUCT_BUNDLE_IDENTIFIER = com.flatiron.MyWeatherApp;
				PRODUCT_NAME = "$(TARGET_NAME)";
				SWIFT_OPTIMIZATION_LEVEL = "-Owholemodule";
				SWIFT_VERSION = 3.0;
			};
			name = Release;
		};
/* End XCBuildConfiguration section */

/* Begin XCConfigurationList section */
		0AD70BF31D6E0BF3004D6BF6 /* Build configuration list for PBXProject "MyWeatherApp" */ = {
			isa = XCConfigurationList;
			buildConfigurations = (
				0AD70C081D6E0BF4004D6BF6 /* Debug */,
				0AD70C091D6E0BF4004D6BF6 /* Release */,
			);
			defaultConfigurationIsVisible = 0;
			defaultConfigurationName = Release;
		};
		0AD70C0A1D6E0BF4004D6BF6 /* Build configuration list for PBXNativeTarget "MyWeatherApp" */ = {
			isa = XCConfigurationList;
			buildConfigurations = (
				0AD70C0B1D6E0BF4004D6BF6 /* Debug */,
				0AD70C0C1D6E0BF4004D6BF6 /* Release */,
			);
			defaultConfigurationIsVisible = 0;
			defaultConfigurationName = Release;
		};
/* End XCConfigurationList section */
	};
	rootObject = 0AD70BF01D6E0BF3004D6BF6 /* Project object */;
}
